
Microsoft Visual Studio Solution File, Format Version 12.00
# Visual Studio 15
Project("{FAE04EC0-301F-11D3-BF4B-00C04F79EFBC}") = "Assembly-CSharp", "Assembly-CSharp.csproj", "{2E7F7153-A886-3126-260D-006BF515E84C}"
EndProject
Global
	GlobalSection(SolutionConfigurationPlatforms) = preSolution
		Debug|Any CPU = Debug|Any CPU
		Release|Any CPU = Release|Any CPU
	EndGlobalSection
	GlobalSection(ProjectConfigurationPlatforms) = postSolution
		{2E7F7153-A886-3126-260D-006BF515E84C}.Debug|Any CPU.ActiveCfg = Debug|Any CPU
		{2E7F7153-A886-3126-260D-006BF515E84C}.Debug|Any CPU.Build.0 = Debug|Any CPU
		{2E7F7153-A886-3126-260D-006BF515E84C}.Release|Any CPU.ActiveCfg = Release|Any CPU
		{2E7F7153-A886-3126-260D-006BF515E84C}.Release|Any CPU.Build.0 = Release|Any CPU
	EndGlobalSection
	GlobalSection(SolutionProperties) = preSolution
		HideSolutionNode = FALSE
	EndGlobalSection
EndGlobal
